// !$*UTF8*$!
{
	archiveVersion = 1;
	classes = {
	};
	objectVersion = 46;
	objects = {

/* Begin PBXBuildFile section */
		1E94824E208F608100B5F82C /* SPHUD.m in Sources */ = {isa = PBXBuildFile; fileRef = 1E94824C208F608000B5F82C /* SPHUD.m */; };
		1EA752FC2084889E005E612C /* SPAlert.m in Sources */ = {isa = PBXBuildFile; fileRef = 1EA752FB2084889E005E612C /* SPAlert.m */; };
		3A1F115F96B5A72DAB05F31B /* libPods-SPBaseClass.a in Frameworks */ = {isa = PBXBuildFile; fileRef = FCF1D968C3372D9EFDCD5AC7 /* libPods-SPBaseClass.a */; };
		E192101F1F346E4F009555DB /* SPBaseNavigationController.m in Sources */ = {isa = PBXBuildFile; fileRef = E192101E1F346E4F009555DB /* SPBaseNavigationController.m */; };
		E1C92E481F347F320090BDBB /* SPBaseTabBarController.m in Sources */ = {isa = PBXBuildFile; fileRef = E1C92E471F347F320090BDBB /* SPBaseTabBarController.m */; };
		E1C92E4B1F381F3F0090BDBB /* AVC.m in Sources */ = {isa = PBXBuildFile; fileRef = E1C92E4A1F381F3F0090BDBB /* AVC.m */; };
		E1C92E4E1F381F510090BDBB /* BVC.m in Sources */ = {isa = PBXBuildFile; fileRef = E1C92E4D1F381F510090BDBB /* BVC.m */; };
		E1C92E511F3821080090BDBB /* CVC.m in Sources */ = {isa = PBXBuildFile; fileRef = E1C92E501F3821080090BDBB /* CVC.m */; };
		E1D287E31F308B7F0000AC39 /* main.m in Sources */ = {isa = PBXBuildFile; fileRef = E1D287E21F308B7F0000AC39 /* main.m */; };
		E1D287E61F308B7F0000AC39 /* AppDelegate.m in Sources */ = {isa = PBXBuildFile; fileRef = E1D287E51F308B7F0000AC39 /* AppDelegate.m */; };
		E1D287E91F308B7F0000AC39 /* ViewController.m in Sources */ = {isa = PBXBuildFile; fileRef = E1D287E81F308B7F0000AC39 /* ViewController.m */; };
		E1D287EC1F308B7F0000AC39 /* Main.storyboard in Resources */ = {isa = PBXBuildFile; fileRef = E1D287EA1F308B7F0000AC39 /* Main.storyboard */; };
		E1D287EE1F308B7F0000AC39 /* Assets.xcassets in Resources */ = {isa = PBXBuildFile; fileRef = E1D287ED1F308B7F0000AC39 /* Assets.xcassets */; };
		E1D287F11F308B7F0000AC39 /* LaunchScreen.storyboard in Resources */ = {isa = PBXBuildFile; fileRef = E1D287EF1F308B7F0000AC39 /* LaunchScreen.storyboard */; };
		E1D287FB1F308DA40000AC39 /* SPBaseVC.m in Sources */ = {isa = PBXBuildFile; fileRef = E1D287FA1F308DA40000AC39 /* SPBaseVC.m */; };
/* End PBXBuildFile section */

/* Begin PBXFileReference section */
		1BC7A97695C3CF7494976D9B /* Pods-SPBaseClass.debug.xcconfig */ = {isa = PBXFileReference; includeInIndex = 1; lastKnownFileType = text.xcconfig; name = "Pods-SPBaseClass.debug.xcconfig"; path = "Pods/Target Support Files/Pods-SPBaseClass/Pods-SPBaseClass.debug.xcconfig"; sourceTree = "<group>"; };
		1E94824C208F608000B5F82C /* SPHUD.m */ = {isa = PBXFileReference; fileEncoding = 4; lastKnownFileType = sourcecode.c.objc; path = SPHUD.m; sourceTree = "<group>"; };
		1E94824D208F608100B5F82C /* SPHUD.h */ = {isa = PBXFileReference; fileEncoding = 4; lastKnownFileType = sourcecode.c.h; path = SPHUD.h; sourceTree = "<group>"; };
		1E94824F208F63B300B5F82C /* SPBaseClass.h */ = {isa = PBXFileReference; lastKnownFileType = sourcecode.c.h; path = SPBaseClass.h; sourceTree = "<group>"; };
		1EA752FA2084889E005E612C /* SPAlert.h */ = {isa = PBXFileReference; fileEncoding = 4; lastKnownFileType = sourcecode.c.h; path = SPAlert.h; sourceTree = "<group>"; };
		1EA752FB2084889E005E612C /* SPAlert.m */ = {isa = PBXFileReference; fileEncoding = 4; lastKnownFileType = sourcecode.c.objc; path = SPAlert.m; sourceTree = "<group>"; };
		1EA752FE2084893E005E612C /* SPBlockDefine.h */ = {isa = PBXFileReference; lastKnownFileType = sourcecode.c.h; path = SPBlockDefine.h; sourceTree = "<group>"; };
		8E3053870D19FD1D8B2CF09B /* Pods-SPBaseClass.release.xcconfig */ = {isa = PBXFileReference; includeInIndex = 1; lastKnownFileType = text.xcconfig; name = "Pods-SPBaseClass.release.xcconfig"; path = "Pods/Target Support Files/Pods-SPBaseClass/Pods-SPBaseClass.release.xcconfig"; sourceTree = "<group>"; };
		E192101D1F346E4F009555DB /* SPBaseNavigationController.h */ = {isa = PBXFileReference; fileEncoding = 4; lastKnownFileType = sourcecode.c.h; path = SPBaseNavigationController.h; sourceTree = "<group>"; };
		E192101E1F346E4F009555DB /* SPBaseNavigationController.m */ = {isa = PBXFileReference; fileEncoding = 4; lastKnownFileType = sourcecode.c.objc; path = SPBaseNavigationController.m; sourceTree = "<group>"; };
		E1C92E461F347F320090BDBB /* SPBaseTabBarController.h */ = {isa = PBXFileReference; fileEncoding = 4; lastKnownFileType = sourcecode.c.h; path = SPBaseTabBarController.h; sourceTree = "<group>"; };
		E1C92E471F347F320090BDBB /* SPBaseTabBarController.m */ = {isa = PBXFileReference; fileEncoding = 4; lastKnownFileType = sourcecode.c.objc; path = SPBaseTabBarController.m; sourceTree = "<group>"; };
		E1C92E491F381F3F0090BDBB /* AVC.h */ = {isa = PBXFileReference; fileEncoding = 4; lastKnownFileType = sourcecode.c.h; path = AVC.h; sourceTree = "<group>"; };
		E1C92E4A1F381F3F0090BDBB /* AVC.m */ = {isa = PBXFileReference; fileEncoding = 4; lastKnownFileType = sourcecode.c.objc; path = AVC.m; sourceTree = "<group>"; };
		E1C92E4C1F381F510090BDBB /* BVC.h */ = {isa = PBXFileReference; fileEncoding = 4; lastKnownFileType = sourcecode.c.h; path = BVC.h; sourceTree = "<group>"; };
		E1C92E4D1F381F510090BDBB /* BVC.m */ = {isa = PBXFileReference; fileEncoding = 4; lastKnownFileType = sourcecode.c.objc; path = BVC.m; sourceTree = "<group>"; };
		E1C92E4F1F3821080090BDBB /* CVC.h */ = {isa = PBXFileReference; fileEncoding = 4; lastKnownFileType = sourcecode.c.h; path = CVC.h; sourceTree = "<group>"; };
		E1C92E501F3821080090BDBB /* CVC.m */ = {isa = PBXFileReference; fileEncoding = 4; lastKnownFileType = sourcecode.c.objc; path = CVC.m; sourceTree = "<group>"; };
		E1D287DE1F308B7F0000AC39 /* SPBaseClass.app */ = {isa = PBXFileReference; explicitFileType = wrapper.application; includeInIndex = 0; path = SPBaseClass.app; sourceTree = BUILT_PRODUCTS_DIR; };
		E1D287E21F308B7F0000AC39 /* main.m */ = {isa = PBXFileReference; lastKnownFileType = sourcecode.c.objc; path = main.m; sourceTree = "<group>"; };
		E1D287E41F308B7F0000AC39 /* AppDelegate.h */ = {isa = PBXFileReference; lastKnownFileType = sourcecode.c.h; path = AppDelegate.h; sourceTree = "<group>"; };
		E1D287E51F308B7F0000AC39 /* AppDelegate.m */ = {isa = PBXFileReference; lastKnownFileType = sourcecode.c.objc; path = AppDelegate.m; sourceTree = "<group>"; };
		E1D287E71F308B7F0000AC39 /* ViewController.h */ = {isa = PBXFileReference; lastKnownFileType = sourcecode.c.h; path = ViewController.h; sourceTree = "<group>"; };
		E1D287E81F308B7F0000AC39 /* ViewController.m */ = {isa = PBXFileReference; lastKnownFileType = sourcecode.c.objc; path = ViewController.m; sourceTree = "<group>"; };
		E1D287EB1F308B7F0000AC39 /* Base */ = {isa = PBXFileReference; lastKnownFileType = file.storyboard; name = Base; path = Base.lproj/Main.storyboard; sourceTree = "<group>"; };
		E1D287ED1F308B7F0000AC39 /* Assets.xcassets */ = {isa = PBXFileReference; lastKnownFileType = folder.assetcatalog; path = Assets.xcassets; sourceTree = "<group>"; };
		E1D287F01F308B7F0000AC39 /* Base */ = {isa = PBXFileReference; lastKnownFileType = file.storyboard; name = Base; path = Base.lproj/LaunchScreen.storyboard; sourceTree = "<group>"; };
		E1D287F21F308B7F0000AC39 /* Info.plist */ = {isa = PBXFileReference; lastKnownFileType = text.plist.xml; path = Info.plist; sourceTree = "<group>"; };
		E1D287F91F308DA40000AC39 /* SPBaseVC.h */ = {isa = PBXFileReference; fileEncoding = 4; lastKnownFileType = sourcecode.c.h; path = SPBaseVC.h; sourceTree = "<group>"; };
		E1D287FA1F308DA40000AC39 /* SPBaseVC.m */ = {isa = PBXFileReference; fileEncoding = 4; lastKnownFileType = sourcecode.c.objc; path = SPBaseVC.m; sourceTree = "<group>"; };
		FCF1D968C3372D9EFDCD5AC7 /* libPods-SPBaseClass.a */ = {isa = PBXFileReference; explicitFileType = archive.ar; includeInIndex = 0; path = "libPods-SPBaseClass.a"; sourceTree = BUILT_PRODUCTS_DIR; };
/* End PBXFileReference section */

/* Begin PBXFrameworksBuildPhase section */
		E1D287DB1F308B7F0000AC39 /* Frameworks */ = {
			isa = PBXFrameworksBuildPhase;
			buildActionMask = 2147483647;
			files = (
				3A1F115F96B5A72DAB05F31B /* libPods-SPBaseClass.a in Frameworks */,
			);
			runOnlyForDeploymentPostprocessing = 0;
		};
/* End PBXFrameworksBuildPhase section */

/* Begin PBXGroup section */
		BA752F846771B391446243FF /* Pods */ = {
			isa = PBXGroup;
			children = (
				1BC7A97695C3CF7494976D9B /* Pods-SPBaseClass.debug.xcconfig */,
				8E3053870D19FD1D8B2CF09B /* Pods-SPBaseClass.release.xcconfig */,
			);
			name = Pods;
			sourceTree = "<group>";
		};
		CD84882C342C9AE2C4616817 /* Frameworks */ = {
			isa = PBXGroup;
			children = (
				FCF1D968C3372D9EFDCD5AC7 /* libPods-SPBaseClass.a */,
			);
			name = Frameworks;
			sourceTree = "<group>";
		};
		E1D287D51F308B7F0000AC39 = {
			isa = PBXGroup;
			children = (
				E1D287E01F308B7F0000AC39 /* SPBaseClass */,
				E1D287DF1F308B7F0000AC39 /* Products */,
				BA752F846771B391446243FF /* Pods */,
				CD84882C342C9AE2C4616817 /* Frameworks */,
			);
			sourceTree = "<group>";
		};
		E1D287DF1F308B7F0000AC39 /* Products */ = {
			isa = PBXGroup;
			children = (
				E1D287DE1F308B7F0000AC39 /* SPBaseClass.app */,
			);
			name = Products;
			sourceTree = "<group>";
		};
		E1D287E01F308B7F0000AC39 /* SPBaseClass */ = {
			isa = PBXGroup;
			children = (
				E1D287F81F308D630000AC39 /* SPBaseClass */,
				E1D287E41F308B7F0000AC39 /* AppDelegate.h */,
				E1D287E51F308B7F0000AC39 /* AppDelegate.m */,
				E1D287E71F308B7F0000AC39 /* ViewController.h */,
				E1D287E81F308B7F0000AC39 /* ViewController.m */,
				E1C92E491F381F3F0090BDBB /* AVC.h */,
				E1C92E4A1F381F3F0090BDBB /* AVC.m */,
				E1C92E4C1F381F510090BDBB /* BVC.h */,
				E1C92E4D1F381F510090BDBB /* BVC.m */,
				E1C92E4F1F3821080090BDBB /* CVC.h */,
				E1C92E501F3821080090BDBB /* CVC.m */,
				E1D287EA1F308B7F0000AC39 /* Main.storyboard */,
				E1D287ED1F308B7F0000AC39 /* Assets.xcassets */,
				E1D287EF1F308B7F0000AC39 /* LaunchScreen.storyboard */,
				E1D287F21F308B7F0000AC39 /* Info.plist */,
				E1D287E11F308B7F0000AC39 /* Supporting Files */,
			);
			path = SPBaseClass;
			sourceTree = "<group>";
		};
		E1D287E11F308B7F0000AC39 /* Supporting Files */ = {
			isa = PBXGroup;
			children = (
				E1D287E21F308B7F0000AC39 /* main.m */,
			);
			name = "Supporting Files";
			sourceTree = "<group>";
		};
		E1D287F81F308D630000AC39 /* SPBaseClass */ = {
			isa = PBXGroup;
			children = (
				1E94824F208F63B300B5F82C /* SPBaseClass.h */,
				1EA752FE2084893E005E612C /* SPBlockDefine.h */,
				1EA752FA2084889E005E612C /* SPAlert.h */,
				1EA752FB2084889E005E612C /* SPAlert.m */,
				1E94824D208F608100B5F82C /* SPHUD.h */,
				1E94824C208F608000B5F82C /* SPHUD.m */,
				E1D287F91F308DA40000AC39 /* SPBaseVC.h */,
				E1D287FA1F308DA40000AC39 /* SPBaseVC.m */,
				E192101D1F346E4F009555DB /* SPBaseNavigationController.h */,
				E192101E1F346E4F009555DB /* SPBaseNavigationController.m */,
				E1C92E461F347F320090BDBB /* SPBaseTabBarController.h */,
				E1C92E471F347F320090BDBB /* SPBaseTabBarController.m */,
			);
			path = SPBaseClass;
			sourceTree = "<group>";
		};
/* End PBXGroup section */

/* Begin PBXNativeTarget section */
		E1D287DD1F308B7F0000AC39 /* SPBaseClass */ = {
			isa = PBXNativeTarget;
			buildConfigurationList = E1D287F51F308B7F0000AC39 /* Build configuration list for PBXNativeTarget "SPBaseClass" */;
			buildPhases = (
				B16E8B8F7AD6D9D7B17896F3 /* [CP] Check Pods Manifest.lock */,
				E1D287DA1F308B7F0000AC39 /* Sources */,
				E1D287DB1F308B7F0000AC39 /* Frameworks */,
				E1D287DC1F308B7F0000AC39 /* Resources */,
				C2DBE256EE86C6F9F37340A6 /* [CP] Embed Pods Frameworks */,
				9D3271A82B404C9B7B66DEAB /* [CP] Copy Pods Resources */,
			);
			buildRules = (
			);
			dependencies = (
			);
			name = SPBaseClass;
			productName = SPBaseClass;
			productReference = E1D287DE1F308B7F0000AC39 /* SPBaseClass.app */;
			productType = "com.apple.product-type.application";
		};
/* End PBXNativeTarget section */

/* Begin PBXProject section */
		E1D287D61F308B7F0000AC39 /* Project object */ = {
			isa = PBXProject;
			attributes = {
				LastUpgradeCheck = 0830;
				ORGANIZATIONNAME = lishiping;
				TargetAttributes = {
					E1D287DD1F308B7F0000AC39 = {
						CreatedOnToolsVersion = 8.3.2;
						ProvisioningStyle = Automatic;
					};
				};
			};
			buildConfigurationList = E1D287D91F308B7F0000AC39 /* Build configuration list for PBXProject "SPBaseClass" */;
			compatibilityVersion = "Xcode 3.2";
			developmentRegion = English;
			hasScannedForEncodings = 0;
			knownRegions = (
				en,
				Base,
			);
			mainGroup = E1D287D51F308B7F0000AC39;
			productRefGroup = E1D287DF1F308B7F0000AC39 /* Products */;
			projectDirPath = "";
			projectRoot = "";
			targets = (
				E1D287DD1F308B7F0000AC39 /* SPBaseClass */,
			);
		};
/* End PBXProject section */

/* Begin PBXResourcesBuildPhase section */
		E1D287DC1F308B7F0000AC39 /* Resources */ = {
			isa = PBXResourcesBuildPhase;
			buildActionMask = 2147483647;
			files = (
				E1D287F11F308B7F0000AC39 /* LaunchScreen.storyboard in Resources */,
				E1D287EE1F308B7F0000AC39 /* Assets.xcassets in Resources */,
				E1D287EC1F308B7F0000AC39 /* Main.storyboard in Resources */,
			);
			runOnlyForDeploymentPostprocessing = 0;
		};
/* End PBXResourcesBuildPhase section */

/* Begin PBXShellScriptBuildPhase section */
		9D3271A82B404C9B7B66DEAB /* [CP] Copy Pods Resources */ = {
			isa = PBXShellScriptBuildPhase;
			buildActionMask = 2147483647;
			files = (
			);
			inputPaths = (
			);
			name = "[CP] Copy Pods Resources";
			outputPaths = (
			);
			runOnlyForDeploymentPostprocessing = 0;
			shellPath = /bin/sh;
			shellScript = "\"${SRCROOT}/Pods/Target Support Files/Pods-SPBaseClass/Pods-SPBaseClass-resources.sh\"\n";
			showEnvVarsInLog = 0;
		};
		B16E8B8F7AD6D9D7B17896F3 /* [CP] Check Pods Manifest.lock */ = {
			isa = PBXShellScriptBuildPhase;
			buildActionMask = 2147483647;
			files = (
			);
			inputPaths = (
			);
			name = "[CP] Check Pods Manifest.lock";
			outputPaths = (
			);
			runOnlyForDeploymentPostprocessing = 0;
			shellPath = /bin/sh;
			shellScript = "diff \"${PODS_ROOT}/../Podfile.lock\" \"${PODS_ROOT}/Manifest.lock\" > /dev/null\nif [ $? != 0 ] ; then\n    # print error to STDERR\n    echo \"error: The sandbox is not in sync with the Podfile.lock. Run 'pod install' or update your CocoaPods installation.\" >&2\n    exit 1\nfi\n";
			showEnvVarsInLog = 0;
		};
		C2DBE256EE86C6F9F37340A6 /* [CP] Embed Pods Frameworks */ = {
			isa = PBXShellScriptBuildPhase;
			buildActionMask = 2147483647;
			files = (
			);
			inputPaths = (
			);
			name = "[CP] Embed Pods Frameworks";
			outputPaths = (
			);
			runOnlyForDeploymentPostprocessing = 0;
			shellPath = /bin/sh;
			shellScript = "\"${SRCROOT}/Pods/Target Support Files/Pods-SPBaseClass/Pods-SPBaseClass-frameworks.sh\"\n";
			showEnvVarsInLog = 0;
		};
/* End PBXShellScriptBuildPhase section */

/* Begin PBXSourcesBuildPhase section */
		E1D287DA1F308B7F0000AC39 /* Sources */ = {
			isa = PBXSourcesBuildPhase;
			buildActionMask = 2147483647;
			files = (
				E1C92E511F3821080090BDBB /* CVC.m in Sources */,
				E1D287FB1F308DA40000AC39 /* SPBaseVC.m in Sources */,
				E192101F1F346E4F009555DB /* SPBaseNavigationController.m in Sources */,
				E1C92E4B1F381F3F0090BDBB /* AVC.m in Sources */,
				E1C92E4E1F381F510090BDBB /* BVC.m in Sources */,
				E1D287E91F308B7F0000AC39 /* ViewController.m in Sources */,
				E1D287E61F308B7F0000AC39 /* AppDelegate.m in Sources */,
				1E94824E208F608100B5F82C /* SPHUD.m in Sources */,
				E1D287E31F308B7F0000AC39 /* main.m in Sources */,
				E1C92E481F347F320090BDBB /* SPBaseTabBarController.m in Sources */,
				1EA752FC2084889E005E612C /* SPAlert.m in Sources */,
			);
			runOnlyForDeploymentPostprocessing = 0;
		};
/* End PBXSourcesBuildPhase section */

/* Begin PBXVariantGroup section */
		E1D287EA1F308B7F0000AC39 /* Main.storyboard */ = {
			isa = PBXVariantGroup;
			children = (
				E1D287EB1F308B7F0000AC39 /* Base */,
			);
			name = Main.storyboard;
			sourceTree = "<group>";
		};
		E1D287EF1F308B7F0000AC39 /* LaunchScreen.storyboard */ = {
			isa = PBXVariantGroup;
			children = (
				E1D287F01F308B7F0000AC39 /* Base */,
			);
			name = LaunchScreen.storyboard;
			sourceTree = "<group>";
		};
/* End PBXVariantGroup section */

/* Begin XCBuildConfiguration section */
		E1D287F31F308B7F0000AC39 /* Debug */ = {
			isa = XCBuildConfiguration;
			buildSettings = {
				ALWAYS_SEARCH_USER_PATHS = NO;
				CLANG_ANALYZER_NONNULL = YES;
				CLANG_ANALYZER_NUMBER_OBJECT_CONVERSION = YES_AGGRESSIVE;
				CLANG_CXX_LANGUAGE_STANDARD = "gnu++0x";
				CLANG_CXX_LIBRARY = "libc++";
				CLANG_ENABLE_MODULES = YES;
				CLANG_ENABLE_OBJC_ARC = YES;
				CLANG_WARN_BOOL_CONVERSION = YES;
				CLANG_WARN_CONSTANT_CONVERSION = YES;
				CLANG_WARN_DIRECT_OBJC_ISA_USAGE = YES_ERROR;
				CLANG_WARN_DOCUMENTATION_COMMENTS = YES;
				CLANG_WARN_EMPTY_BODY = YES;
				CLANG_WARN_ENUM_CONVERSION = YES;
				CLANG_WARN_INFINITE_RECURSION = YES;
				CLANG_WARN_INT_CONVERSION = YES;
				CLANG_WARN_OBJC_ROOT_CLASS = YES_ERROR;
				CLANG_WARN_SUSPICIOUS_MOVE = YES;
				CLANG_WARN_UNREACHABLE_CODE = YES;
				CLANG_WARN__DUPLICATE_METHOD_MATCH = YES;
				"CODE_SIGN_IDENTITY[sdk=iphoneos*]" = "iPhone Developer";
				COPY_PHASE_STRIP = NO;
				DEBUG_INFORMATION_FORMAT = dwarf;
				ENABLE_STRICT_OBJC_MSGSEND = YES;
				ENABLE_TESTABILITY = YES;
				GCC_C_LANGUAGE_STANDARD = gnu99;
				GCC_DYNAMIC_NO_PIC = NO;
				GCC_NO_COMMON_BLOCKS = YES;
				GCC_OPTIMIZATION_LEVEL = 0;
				GCC_PREPROCESSOR_DEFINITIONS = (
					"DEBUG=1",
					"$(inherited)",
				);
				GCC_WARN_64_TO_32_BIT_CONVERSION = YES;
				GCC_WARN_ABOUT_RETURN_TYPE = YES_ERROR;
				GCC_WARN_UNDECLARED_SELECTOR = YES;
				GCC_WARN_UNINITIALIZED_AUTOS = YES_AGGRESSIVE;
				GCC_WARN_UNUSED_FUNCTION = YES;
				GCC_WARN_UNUSED_VARIABLE = YES;
				IPHONEOS_DEPLOYMENT_TARGET = 7.0;
				MTL_ENABLE_DEBUG_INFO = YES;
				ONLY_ACTIVE_ARCH = YES;
				SDKROOT = iphoneos;
				TARGETED_DEVICE_FAMILY = "1,2";
			};
			name = Debug;
		};
		E1D287F41F308B7F0000AC39 /* Release */ = {
			isa = XCBuildConfiguration;
			buildSettings = {
				ALWAYS_SEARCH_USER_PATHS = NO;
				CLANG_ANALYZER_NONNULL = YES;
				CLANG_ANALYZER_NUMBER_OBJECT_CONVERSION = YES_AGGRESSIVE;
				CLANG_CXX_LANGUAGE_STANDARD = "gnu++0x";
				CLANG_CXX_LIBRARY = "libc++";
				CLANG_ENABLE_MODULES = YES;
				CLANG_ENABLE_OBJC_ARC = YES;
				CLANG_WARN_BOOL_CONVERSION = YES;
				CLANG_WARN_CONSTANT_CONVERSION = YES;
				CLANG_WARN_DIRECT_OBJC_ISA_USAGE = YES_ERROR;
				CLANG_WARN_DOCUMENTATION_COMMENTS = YES;
				CLANG_WARN_EMPTY_BODY = YES;
				CLANG_WARN_ENUM_CONVERSION = YES;
				CLANG_WARN_INFINITE_RECURSION = YES;
				CLANG_WARN_INT_CONVERSION = YES;
				CLANG_WARN_OBJC_ROOT_CLASS = YES_ERROR;
				CLANG_WARN_SUSPICIOUS_MOVE = YES;
				CLANG_WARN_UNREACHABLE_CODE = YES;
				CLANG_WARN__DUPLICATE_METHOD_MATCH = YES;
				"CODE_SIGN_IDENTITY[sdk=iphoneos*]" = "iPhone Developer";
				COPY_PHASE_STRIP = NO;
				DEBUG_INFORMATION_FORMAT = "dwarf-with-dsym";
				ENABLE_NS_ASSERTIONS = NO;
				ENABLE_STRICT_OBJC_MSGSEND = YES;
				GCC_C_LANGUAGE_STANDARD = gnu99;
				GCC_NO_COMMON_BLOCKS = YES;
				GCC_WARN_64_TO_32_BIT_CONVERSION = YES;
				GCC_WARN_ABOUT_RETURN_TYPE = YES_ERROR;
				GCC_WARN_UNDECLARED_SELECTOR = YES;
				GCC_WARN_UNINITIALIZED_AUTOS = YES_AGGRESSIVE;
				GCC_WARN_UNUSED_FUNCTION = YES;
				GCC_WARN_UNUSED_VARIABLE = YES;
				IPHONEOS_DEPLOYMENT_TARGET = 7.0;
				MTL_ENABLE_DEBUG_INFO = NO;
				SDKROOT = iphoneos;
				TARGETED_DEVICE_FAMILY = "1,2";
				VALIDATE_PRODUCT = YES;
			};
			name = Release;
		};
		E1D287F61F308B7F0000AC39 /* Debug */ = {
			isa = XCBuildConfiguration;
			baseConfigurationReference = 1BC7A97695C3CF7494976D9B /* Pods-SPBaseClass.debug.xcconfig */;
			buildSettings = {
				ASSETCATALOG_COMPILER_APPICON_NAME = AppIcon;
				DEVELOPMENT_TEAM = "";
				INFOPLIST_FILE = SPBaseClass/Info.plist;
				IPHONEOS_DEPLOYMENT_TARGET = 7.0;
				LD_RUNPATH_SEARCH_PATHS = "$(inherited) @executable_path/Frameworks";
				PRODUCT_BUNDLE_IDENTIFIER = lishping.SPBaseClass;
				PRODUCT_NAME = "$(TARGET_NAME)";
			};
			name = Debug;
		};
		E1D287F71F308B7F0000AC39 /* Release */ = {
			isa = XCBuildConfiguration;
			baseConfigurationReference = 8E3053870D19FD1D8B2CF09B /* Pods-SPBaseClass.release.xcconfig */;
			buildSettings = {
				ASSETCATALOG_COMPILER_APPICON_NAME = AppIcon;
				DEVELOPMENT_TEAM = "";
				INFOPLIST_FILE = SPBaseClass/Info.plist;
				IPHONEOS_DEPLOYMENT_TARGET = 7.0;
				LD_RUNPATH_SEARCH_PATHS = "$(inherited) @executable_path/Frameworks";
				PRODUCT_BUNDLE_IDENTIFIER = lishping.SPBaseClass;
				PRODUCT_NAME = "$(TARGET_NAME)";
			};
			name = Release;
		};
/* End XCBuildConfiguration section */

/* Begin XCConfigurationList section */
		E1D287D91F308B7F0000AC39 /* Build configuration list for PBXProject "SPBaseClass" */ = {
			isa = XCConfigurationList;
			buildConfigurations = (
				E1D287F31F308B7F0000AC39 /* Debug */,
				E1D287F41F308B7F0000AC39 /* Release */,
			);
			defaultConfigurationIsVisible = 0;
			defaultConfigurationName = Release;
		};
		E1D287F51F308B7F0000AC39 /* Build configuration list for PBXNativeTarget "SPBaseClass" */ = {
			isa = XCConfigurationList;
			buildConfigurations = (
				E1D287F61F308B7F0000AC39 /* Debug */,
				E1D287F71F308B7F0000AC39 /* Release */,
			);
			defaultConfigurationIsVisible = 0;
			defaultConfigurationName = Release;
		};
/* End XCConfigurationList section */
	};
	rootObject = E1D287D61F308B7F0000AC39 /* Project object */;
}
