// !$*UTF8*$!
{
	archiveVersion = 1;
	classes = {
	};
	objectVersion = 46;
	objects = {

/* Begin PBXBuildFile section */
		E1D287E31F308B7F0000AC39 /* main.m in Sources */ = {isa = PBXBuildFile; fileRef = E1D287E21F308B7F0000AC39 /* main.m */; };
		E1D287E61F308B7F0000AC39 /* AppDelegate.m in Sources */ = {isa = PBXBuildFile; fileRef = E1D287E51F308B7F0000AC39 /* AppDelegate.m */; };
		E1D287E91F308B7F0000AC39 /* ViewController.m in Sources */ = {isa = PBXBuildFile; fileRef = E1D287E81F308B7F0000AC39 /* ViewController.m */; };
		E1D287EC1F308B7F0000AC39 /* Main.storyboard in Resources */ = {isa = PBXBuildFile; fileRef = E1D287EA1F308B7F0000AC39 /* Main.storyboard */; };
		E1D287EE1F308B7F0000AC39 /* Assets.xcassets in Resources */ = {isa = PBXBuildFile; fileRef = E1D287ED1F308B7F0000AC39 /* Assets.xcassets */; };
		E1D287F11F308B7F0000AC39 /* LaunchScreen.storyboard in Resources */ = {isa = PBXBuildFile; fileRef = E1D287EF1F308B7F0000AC39 /* LaunchScreen.storyboard */; };
/* End PBXBuildFile section */

/* Begin PBXFileReference section */
		E1D287DE1F308B7F0000AC39 /* SPBaseClass.app */ = {isa = PBXFileReference; explicitFileType = wrapper.application; includeInIndex = 0; path = SPBaseClass.app; sourceTree = BUILT_PRODUCTS_DIR; };
		E1D287E21F308B7F0000AC39 /* main.m */ = {isa = PBXFileReference; lastKnownFileType = sourcecode.c.objc; path = main.m; sourceTree = "<group>"; };
		E1D287E41F308B7F0000AC39 /* AppDelegate.h */ = {isa = PBXFileReference; lastKnownFileType = sourcecode.c.h; path = AppDelegate.h; sourceTree = "<group>"; };
		E1D287E51F308B7F0000AC39 /* AppDelegate.m */ = {isa = PBXFileReference; lastKnownFileType = sourcecode.c.objc; path = AppDelegate.m; sourceTree = "<group>"; };
		E1D287E71F308B7F0000AC39 /* ViewController.h */ = {isa = PBXFileReference; lastKnownFileType = sourcecode.c.h; path = ViewController.h; sourceTree = "<group>"; };
		E1D287E81F308B7F0000AC39 /* ViewController.m */ = {isa = PBXFileReference; lastKnownFileType = sourcecode.c.objc; path = ViewController.m; sourceTree = "<group>"; };
		E1D287EB1F308B7F0000AC39 /* Base */ = {isa = PBXFileReference; lastKnownFileType = file.storyboard; name = Base; path = Base.lproj/Main.storyboard; sourceTree = "<group>"; };
		E1D287ED1F308B7F0000AC39 /* Assets.xcassets */ = {isa = PBXFileReference; lastKnownFileType = folder.assetcatalog; path = Assets.xcassets; sourceTree = "<group>"; };
		E1D287F01F308B7F0000AC39 /* Base */ = {isa = PBXFileReference; lastKnownFileType = file.storyboard; name = Base; path = Base.lproj/LaunchScreen.storyboard; sourceTree = "<group>"; };
		E1D287F21F308B7F0000AC39 /* Info.plist */ = {isa = PBXFileReference; lastKnownFileType = text.plist.xml; path = Info.plist; sourceTree = "<group>"; };
/* End PBXFileReference section */

/* Begin PBXFrameworksBuildPhase section */
		E1D287DB1F308B7F0000AC39 /* Frameworks */ = {
			isa = PBXFrameworksBuildPhase;
			buildActionMask = 2147483647;
			files = (
			);
			runOnlyForDeploymentPostprocessing = 0;
		};
/* End PBXFrameworksBuildPhase section */

/* Begin PBXGroup section */
		E1D287D51F308B7F0000AC39 = {
			isa = PBXGroup;
			children = (
				E1D287E01F308B7F0000AC39 /* SPBaseClass */,
				E1D287DF1F308B7F0000AC39 /* Products */,
			);
			sourceTree = "<group>";
		};
		E1D287DF1F308B7F0000AC39 /* Products */ = {
			isa = PBXGroup;
			children = (
				E1D287DE1F308B7F0000AC39 /* SPBaseClass.app */,
			);
			name = Products;
			sourceTree = "<group>";
		};
		E1D287E01F308B7F0000AC39 /* SPBaseClass */ = {
			isa = PBXGroup;
			children = (
				E1D287E41F308B7F0000AC39 /* AppDelegate.h */,
				E1D287E51F308B7F0000AC39 /* AppDelegate.m */,
				E1D287E71F308B7F0000AC39 /* ViewController.h */,
				E1D287E81F308B7F0000AC39 /* ViewController.m */,
				E1D287EA1F308B7F0000AC39 /* Main.storyboard */,
				E1D287ED1F308B7F0000AC39 /* Assets.xcassets */,
				E1D287EF1F308B7F0000AC39 /* LaunchScreen.storyboard */,
				E1D287F21F308B7F0000AC39 /* Info.plist */,
				E1D287E11F308B7F0000AC39 /* Supporting Files */,
			);
			path = SPBaseClass;
			sourceTree = "<group>";
		};
		E1D287E11F308B7F0000AC39 /* Supporting Files */ = {
			isa = PBXGroup;
			children = (
				E1D287E21F308B7F0000AC39 /* main.m */,
			);
			name = "Supporting Files";
			sourceTree = "<group>";
		};
/* End PBXGroup section */

/* Begin PBXNativeTarget section */
		E1D287DD1F308B7F0000AC39 /* SPBaseClass */ = {
			isa = PBXNativeTarget;
			buildConfigurationList = E1D287F51F308B7F0000AC39 /* Build configuration list for PBXNativeTarget "SPBaseClass" */;
			buildPhases = (
				E1D287DA1F308B7F0000AC39 /* Sources */,
				E1D287DB1F308B7F0000AC39 /* Frameworks */,
				E1D287DC1F308B7F0000AC39 /* Resources */,
			);
			buildRules = (
			);
			dependencies = (
			);
			name = SPBaseClass;
			productName = SPBaseClass;
			productReference = E1D287DE1F308B7F0000AC39 /* SPBaseClass.app */;
			productType = "com.apple.product-type.application";
		};
/* End PBXNativeTarget section */

/* Begin PBXProject section */
		E1D287D61F308B7F0000AC39 /* Project object */ = {
			isa = PBXProject;
			attributes = {
				LastUpgradeCheck = 0830;
				ORGANIZATIONNAME = lishiping;
				TargetAttributes = {
					E1D287DD1F308B7F0000AC39 = {
						CreatedOnToolsVersion = 8.3.2;
						DevelopmentTeam = 59R6D7WJ6M;
						ProvisioningStyle = Automatic;
					};
				};
			};
			buildConfigurationList = E1D287D91F308B7F0000AC39 /* Build configuration list for PBXProject "SPBaseClass" */;
			compatibilityVersion = "Xcode 3.2";
			developmentRegion = English;
			hasScannedForEncodings = 0;
			knownRegions = (
				en,
				Base,
			);
			mainGroup = E1D287D51F308B7F0000AC39;
			productRefGroup = E1D287DF1F308B7F0000AC39 /* Products */;
			projectDirPath = "";
			projectRoot = "";
			targets = (
				E1D287DD1F308B7F0000AC39 /* SPBaseClass */,
			);
		};
/* End PBXProject section */

/* Begin PBXResourcesBuildPhase section */
		E1D287DC1F308B7F0000AC39 /* Resources */ = {
			isa = PBXResourcesBuildPhase;
			buildActionMask = 2147483647;
			files = (
				E1D287F11F308B7F0000AC39 /* LaunchScreen.storyboard in Resources */,
				E1D287EE1F308B7F0000AC39 /* Assets.xcassets in Resources */,
				E1D287EC1F308B7F0000AC39 /* Main.storyboard in Resources */,
			);
			runOnlyForDeploymentPostprocessing = 0;
		};
/* End PBXResourcesBuildPhase section */

/* Begin PBXSourcesBuildPhase section */
		E1D287DA1F308B7F0000AC39 /* Sources */ = {
			isa = PBXSourcesBuildPhase;
			buildActionMask = 2147483647;
			files = (
				E1D287E91F308B7F0000AC39 /* ViewController.m in Sources */,
				E1D287E61F308B7F0000AC39 /* AppDelegate.m in Sources */,
				E1D287E31F308B7F0000AC39 /* main.m in Sources */,
			);
			runOnlyForDeploymentPostprocessing = 0;
		};
/* End PBXSourcesBuildPhase section */

/* Begin PBXVariantGroup section */
		E1D287EA1F308B7F0000AC39 /* Main.storyboard */ = {
			isa = PBXVariantGroup;
			children = (
				E1D287EB1F308B7F0000AC39 /* Base */,
			);
			name = Main.storyboard;
			sourceTree = "<group>";
		};
		E1D287EF1F308B7F0000AC39 /* LaunchScreen.storyboard */ = {
			isa = PBXVariantGroup;
			children = (
				E1D287F01F308B7F0000AC39 /* Base */,
			);
			name = LaunchScreen.storyboard;
			sourceTree = "<group>";
		};
/* End PBXVariantGroup section */

/* Begin XCBuildConfiguration section */
		E1D287F31F308B7F0000AC39 /* Debug */ = {
			isa = XCBuildConfiguration;
			buildSettings = {
				ALWAYS_SEARCH_USER_PATHS = NO;
				CLANG_ANALYZER_NONNULL = YES;
				CLANG_ANALYZER_NUMBER_OBJECT_CONVERSION = YES_AGGRESSIVE;
				CLANG_CXX_LANGUAGE_STANDARD = "gnu++0x";
				CLANG_CXX_LIBRARY = "libc++";
				CLANG_ENABLE_MODULES = YES;
				CLANG_ENABLE_OBJC_ARC = YES;
				CLANG_WARN_BOOL_CONVERSION = YES;
				CLANG_WARN_CONSTANT_CONVERSION = YES;
				CLANG_WARN_DIRECT_OBJC_ISA_USAGE = YES_ERROR;
				CLANG_WARN_DOCUMENTATION_COMMENTS = YES;
				CLANG_WARN_EMPTY_BODY = YES;
				CLANG_WARN_ENUM_CONVERSION = YES;
				CLANG_WARN_INFINITE_RECURSION = YES;
				CLANG_WARN_INT_CONVERSION = YES;
				CLANG_WARN_OBJC_ROOT_CLASS = YES_ERROR;
				CLANG_WARN_SUSPICIOUS_MOVE = YES;
				CLANG_WARN_UNREACHABLE_CODE = YES;
				CLANG_WARN__DUPLICATE_METHOD_MATCH = YES;
				"CODE_SIGN_IDENTITY[sdk=iphoneos*]" = "iPhone Developer";
				COPY_PHASE_STRIP = NO;
				DEBUG_INFORMATION_FORMAT = dwarf;
				ENABLE_STRICT_OBJC_MSGSEND = YES;
				ENABLE_TESTABILITY = YES;
				GCC_C_LANGUAGE_STANDARD = gnu99;
				GCC_DYNAMIC_NO_PIC = NO;
				GCC_NO_COMMON_BLOCKS = YES;
				GCC_OPTIMIZATION_LEVEL = 0;
				GCC_PREPROCESSOR_DEFINITIONS = (
					"DEBUG=1",
					"$(inherited)",
				);
				GCC_WARN_64_TO_32_BIT_CONVERSION = YES;
				GCC_WARN_ABOUT_RETURN_TYPE = YES_ERROR;
				GCC_WARN_UNDECLARED_SELECTOR = YES;
				GCC_WARN_UNINITIALIZED_AUTOS = YES_AGGRESSIVE;
				GCC_WARN_UNUSED_FUNCTION = YES;
				GCC_WARN_UNUSED_VARIABLE = YES;
				IPHONEOS_DEPLOYMENT_TARGET = 10.3;
				MTL_ENABLE_DEBUG_INFO = YES;
				ONLY_ACTIVE_ARCH = YES;
				SDKROOT = iphoneos;
				TARGETED_DEVICE_FAMILY = "1,2";
			};
			name = Debug;
		};
		E1D287F41F308B7F0000AC39 /* Release */ = {
			isa = XCBuildConfiguration;
			buildSettings = {
				ALWAYS_SEARCH_USER_PATHS = NO;
				CLANG_ANALYZER_NONNULL = YES;
				CLANG_ANALYZER_NUMBER_OBJECT_CONVERSION = YES_AGGRESSIVE;
				CLANG_CXX_LANGUAGE_STANDARD = "gnu++0x";
				CLANG_CXX_LIBRARY = "libc++";
				CLANG_ENABLE_MODULES = YES;
				CLANG_ENABLE_OBJC_ARC = YES;
				CLANG_WARN_BOOL_CONVERSION = YES;
				CLANG_WARN_CONSTANT_CONVERSION = YES;
				CLANG_WARN_DIRECT_OBJC_ISA_USAGE = YES_ERROR;
				CLANG_WARN_DOCUMENTATION_COMMENTS = YES;
				CLANG_WARN_EMPTY_BODY = YES;
				CLANG_WARN_ENUM_CONVERSION = YES;
				CLANG_WARN_INFINITE_RECURSION = YES;
				CLANG_WARN_INT_CONVERSION = YES;
				CLANG_WARN_OBJC_ROOT_CLASS = YES_ERROR;
				CLANG_WARN_SUSPICIOUS_MOVE = YES;
				CLANG_WARN_UNREACHABLE_CODE = YES;
				CLANG_WARN__DUPLICATE_METHOD_MATCH = YES;
				"CODE_SIGN_IDENTITY[sdk=iphoneos*]" = "iPhone Developer";
				COPY_PHASE_STRIP = NO;
				DEBUG_INFORMATION_FORMAT = "dwarf-with-dsym";
				ENABLE_NS_ASSERTIONS = NO;
				ENABLE_STRICT_OBJC_MSGSEND = YES;
				GCC_C_LANGUAGE_STANDARD = gnu99;
				GCC_NO_COMMON_BLOCKS = YES;
				GCC_WARN_64_TO_32_BIT_CONVERSION = YES;
				GCC_WARN_ABOUT_RETURN_TYPE = YES_ERROR;
				GCC_WARN_UNDECLARED_SELECTOR = YES;
				GCC_WARN_UNINITIALIZED_AUTOS = YES_AGGRESSIVE;
				GCC_WARN_UNUSED_FUNCTION = YES;
				GCC_WARN_UNUSED_VARIABLE = YES;
				IPHONEOS_DEPLOYMENT_TARGET = 10.3;
				MTL_ENABLE_DEBUG_INFO = NO;
				SDKROOT = iphoneos;
				TARGETED_DEVICE_FAMILY = "1,2";
				VALIDATE_PRODUCT = YES;
			};
			name = Release;
		};
		E1D287F61F308B7F0000AC39 /* Debug */ = {
			isa = XCBuildConfiguration;
			buildSettings = {
				ASSETCATALOG_COMPILER_APPICON_NAME = AppIcon;
				DEVELOPMENT_TEAM = 59R6D7WJ6M;
				INFOPLIST_FILE = SPBaseClass/Info.plist;
				LD_RUNPATH_SEARCH_PATHS = "$(inherited) @executable_path/Frameworks";
				PRODUCT_BUNDLE_IDENTIFIER = lishping.SPBaseClass;
				PRODUCT_NAME = "$(TARGET_NAME)";
			};
			name = Debug;
		};
		E1D287F71F308B7F0000AC39 /* Release */ = {
			isa = XCBuildConfiguration;
			buildSettings = {
				ASSETCATALOG_COMPILER_APPICON_NAME = AppIcon;
				DEVELOPMENT_TEAM = 59R6D7WJ6M;
				INFOPLIST_FILE = SPBaseClass/Info.plist;
				LD_RUNPATH_SEARCH_PATHS = "$(inherited) @executable_path/Frameworks";
				PRODUCT_BUNDLE_IDENTIFIER = lishping.SPBaseClass;
				PRODUCT_NAME = "$(TARGET_NAME)";
			};
			name = Release;
		};
/* End XCBuildConfiguration section */

/* Begin XCConfigurationList section */
		E1D287D91F308B7F0000AC39 /* Build configuration list for PBXProject "SPBaseClass" */ = {
			isa = XCConfigurationList;
			buildConfigurations = (
				E1D287F31F308B7F0000AC39 /* Debug */,
				E1D287F41F308B7F0000AC39 /* Release */,
			);
			defaultConfigurationIsVisible = 0;
			defaultConfigurationName = Release;
		};
		E1D287F51F308B7F0000AC39 /* Build configuration list for PBXNativeTarget "SPBaseClass" */ = {
			isa = XCConfigurationList;
			buildConfigurations = (
				E1D287F61F308B7F0000AC39 /* Debug */,
				E1D287F71F308B7F0000AC39 /* Release */,
			);
			defaultConfigurationIsVisible = 0;
		};
/* End XCConfigurationList section */
	};
	rootObject = E1D287D61F308B7F0000AC39 /* Project object */;
}
